<Solution>
  <Folder Name="/.github/" />
  <Folder Name="/.github/workflows/">
    <File Path="main.yml" />
  </Folder>
  <Folder Name="/01_Presentation/">
    <Project Path="Energy-Truth-Front/Energy-Truth_Presentation.csproj" />
  </Folder>
  <Folder Name="/02_API/">
    <Project Path="Energy-Truth-WEB-API/Energy-Truth-WEB-API.csproj" />
  </Folder>
  <Folder Name="/03_Shared/">
    <Project Path="Energy-Truth.Shared/Energy-Truth.Shared.csproj" />
  </Folder>
  <Folder Name="/04_Tests/">
    <Project Path="Tests/EnergyTruth.tests.csproj" />
  </Folder>
</Solution>